
Microsoft Visual Studio Solution File, Format Version 12.00
# Visual Studio 15
VisualStudioVersion = 15.0.28010.2016
MinimumVisualStudioVersion = 10.0.40219.1
Project("{8BC9CEB8-8B4A-11D0-8D11-00A0C91BC942}") = "1l", "1l\1l.vcxproj", "{04594D3A-E2E6-4905-9BED-65830AA33BDA}"
EndProject
Global
	GlobalSection(SolutionConfigurationPlatforms) = preSolution
		Debug|x64 = Debug|x64
		Debug|x86 = Debug|x86
		Release|x64 = Release|x64
		Release|x86 = Release|x86
	EndGlobalSection
	GlobalSection(ProjectConfigurationPlatforms) = postSolution
		{04594D3A-E2E6-4905-9BED-65830AA33BDA}.Debug|x64.ActiveCfg = Debug|x64
		{04594D3A-E2E6-4905-9BED-65830AA33BDA}.Debug|x64.Build.0 = Debug|x64
		{04594D3A-E2E6-4905-9BED-65830AA33BDA}.Debug|x86.ActiveCfg = Debug|Win32
		{04594D3A-E2E6-4905-9BED-65830AA33BDA}.Debug|x86.Build.0 = Debug|Win32
		{04594D3A-E2E6-4905-9BED-65830AA33BDA}.Release|x64.ActiveCfg = Release|x64
		{04594D3A-E2E6-4905-9BED-65830AA33BDA}.Release|x64.Build.0 = Release|x64
		{04594D3A-E2E6-4905-9BED-65830AA33BDA}.Release|x86.ActiveCfg = Release|Win32
		{04594D3A-E2E6-4905-9BED-65830AA33BDA}.Release|x86.Build.0 = Release|Win32
	EndGlobalSection
	GlobalSection(SolutionProperties) = preSolution
		HideSolutionNode = FALSE
	EndGlobalSection
	GlobalSection(ExtensibilityGlobals) = postSolution
		SolutionGuid = {920C1749-1DB3-4977-928B-C3BAA010AD59}
	EndGlobalSection
EndGlobal
